
Microsoft Visual Studio Solution File, Format Version 12.00
# Visual Studio 15
VisualStudioVersion = 15.0.28307.572
MinimumVisualStudioVersion = 10.0.40219.1
Project("{FAE04EC0-301F-11D3-BF4B-00C04F79EFBC}") = "EmployeeAPINew3", "EmployeeAPINew3\EmployeeAPINew3.csproj", "{DBCDD3E7-1148-4ED4-AD70-EF3BDB5F93D6}"
EndProject
Project("{FAE04EC0-301F-11D3-BF4B-00C04F79EFBC}") = "EmployeeDataAccess", "EmployeeDataAccess\EmployeeDataAccess.csproj", "{1B9BFD76-3710-45E6-B047-13186466E139}"
EndProject
Project("{FAE04EC0-301F-11D3-BF4B-00C04F79EFBC}") = "EmployeeMVC", "EmployeeMVC\EmployeeMVC.csproj", "{3934D9C4-AC4D-49DD-B2A0-B68F1FC877CF}"
EndProject
Global
	GlobalSection(SolutionConfigurationPlatforms) = preSolution
		Debug|Any CPU = Debug|Any CPU
		Release|Any CPU = Release|Any CPU
	EndGlobalSection
	GlobalSection(ProjectConfigurationPlatforms) = postSolution
		{DBCDD3E7-1148-4ED4-AD70-EF3BDB5F93D6}.Debug|Any CPU.ActiveCfg = Debug|Any CPU
		{DBCDD3E7-1148-4ED4-AD70-EF3BDB5F93D6}.Debug|Any CPU.Build.0 = Debug|Any CPU
		{DBCDD3E7-1148-4ED4-AD70-EF3BDB5F93D6}.Release|Any CPU.ActiveCfg = Release|Any CPU
		{DBCDD3E7-1148-4ED4-AD70-EF3BDB5F93D6}.Release|Any CPU.Build.0 = Release|Any CPU
		{1B9BFD76-3710-45E6-B047-13186466E139}.Debug|Any CPU.ActiveCfg = Debug|Any CPU
		{1B9BFD76-3710-45E6-B047-13186466E139}.Debug|Any CPU.Build.0 = Debug|Any CPU
		{1B9BFD76-3710-45E6-B047-13186466E139}.Release|Any CPU.ActiveCfg = Release|Any CPU
		{1B9BFD76-3710-45E6-B047-13186466E139}.Release|Any CPU.Build.0 = Release|Any CPU
		{3934D9C4-AC4D-49DD-B2A0-B68F1FC877CF}.Debug|Any CPU.ActiveCfg = Debug|Any CPU
		{3934D9C4-AC4D-49DD-B2A0-B68F1FC877CF}.Debug|Any CPU.Build.0 = Debug|Any CPU
		{3934D9C4-AC4D-49DD-B2A0-B68F1FC877CF}.Release|Any CPU.ActiveCfg = Release|Any CPU
		{3934D9C4-AC4D-49DD-B2A0-B68F1FC877CF}.Release|Any CPU.Build.0 = Release|Any CPU
	EndGlobalSection
	GlobalSection(SolutionProperties) = preSolution
		HideSolutionNode = FALSE
	EndGlobalSection
	GlobalSection(ExtensibilityGlobals) = postSolution
		SolutionGuid = {1697638B-9580-4D55-BC95-17321B0A874C}
	EndGlobalSection
EndGlobal
